{
    "_readme": [
        "This file locks the dependencies of your project to a known state",
        "Read more about it at https://getcomposer.org/doc/01-basic-usage.md#installing-dependencies",
        "This file is @generated automatically"
    ],
    "content-hash": "bd09e2e8d139d1182c06f6d39693ad00",
    "packages": [
        {
            "name": "laminas/laminas-eventmanager",
            "version": "3.5.0",
            "source": {
                "type": "git",
                "url": "https://github.com/laminas/laminas-eventmanager.git",
                "reference": "41f7209428f37cab9573365e361f4078209aaafa"
            },
            "dist": {
                "type": "zip",
                "url": "https://api.github.com/repos/laminas/laminas-eventmanager/zipball/41f7209428f37cab9573365e361f4078209aaafa",
                "reference": "41f7209428f37cab9573365e361f4078209aaafa",
                "shasum": ""
            },
            "require": {
                "php": "^7.4 || ~8.0.0 || ~8.1.0"
            },
            "conflict": {
                "container-interop/container-interop": "<1.2",
                "zendframework/zend-eventmanager": "*"
            },
            "require-dev": {
                "laminas/laminas-coding-standard": "~2.2.1",
                "laminas/laminas-stdlib": "^3.6",
                "phpbench/phpbench": "^1.1",
                "phpspec/prophecy-phpunit": "^2.0",
                "phpunit/phpunit": "^9.5.5",
                "psr/container": "^1.1.2 || ^2.0.2"
            },
            "suggest": {
                "laminas/laminas-stdlib": "^2.7.3 || ^3.0, to use the FilterChain feature",
                "psr/container": "^1.1.2 || ^2.0.2, to use the lazy listeners feature"
            },
            "type": "library",
            "autoload": {
                "psr-4": {
                    "Laminas\\EventManager\\": "src/"
                }
            },
            "notification-url": "https://packagist.org/downloads/",
            "license": [
                "BSD-3-Clause"
            ],
            "description": "Trigger and listen to events within a PHP application",
            "homepage": "https://laminas.dev",
            "keywords": [
                "event",
                "eventmanager",
                "events",
                "laminas"
            ],
            "support": {
                "chat": "https://laminas.dev/chat",
                "docs": "https://docs.laminas.dev/laminas-eventmanager/",
                "forum": "https://discourse.laminas.dev",
                "issues": "https://github.com/laminas/laminas-eventmanager/issues",
                "rss": "https://github.com/laminas/laminas-eventmanager/releases.atom",
                "source": "https://github.com/laminas/laminas-eventmanager"
            },
            "funding": [
                {
                    "url": "https://funding.communitybridge.org/projects/laminas-project",
                    "type": "community_bridge"
                }
            ],
            "time": "2022-04-06T21:05:17+00:00"
        },
        {
            "name": "laminas/laminas-session",
            "version": "2.12.1",
            "source": {
                "type": "git",
                "url": "https://github.com/laminas/laminas-session.git",
                "reference": "888c6a344e9a4c9f34ab6e09346640eac9be3fcf"
            },
            "dist": {
                "type": "zip",
                "url": "https://api.github.com/repos/laminas/laminas-session/zipball/888c6a344e9a4c9f34ab6e09346640eac9be3fcf",
                "reference": "888c6a344e9a4c9f34ab6e09346640eac9be3fcf",
                "shasum": ""
            },
            "require": {
                "laminas/laminas-eventmanager": "^3.4",
                "laminas/laminas-stdlib": "^3.6",
                "php": "^7.3 || ~8.0.0 || ~8.1.0"
            },
            "conflict": {
                "zendframework/zend-session": "*"
            },
            "require-dev": {
                "container-interop/container-interop": "^1.1",
                "laminas/laminas-cache": "3.0.x-dev",
                "laminas/laminas-cache-storage-adapter-memory": "2.0.x-dev",
                "laminas/laminas-coding-standard": "~2.2.1",
                "laminas/laminas-db": "^2.13.4",
                "laminas/laminas-http": "^2.15",
                "laminas/laminas-servicemanager": "^3.7",
                "laminas/laminas-validator": "^2.15",
                "mongodb/mongodb": "v1.9.x-dev",
                "php-mock/php-mock-phpunit": "^1.1.2 || ^2.0",
                "phpspec/prophecy-phpunit": "^2.0",
                "phpunit/phpunit": "^9.5.9"
            },
            "suggest": {
                "laminas/laminas-cache": "Laminas\\Cache component",
                "laminas/laminas-db": "Laminas\\Db component",
                "laminas/laminas-http": "Laminas\\Http component",
                "laminas/laminas-servicemanager": "Laminas\\ServiceManager component",
                "laminas/laminas-validator": "Laminas\\Validator component",
                "mongodb/mongodb": "If you want to use the MongoDB session save handler"
            },
            "type": "library",
            "extra": {
                "laminas": {
                    "component": "Laminas\\Session",
                    "config-provider": "Laminas\\Session\\ConfigProvider"
                }
            },
            "autoload": {
                "psr-4": {
                    "Laminas\\Session\\": "src/"
                }
            },
            "notification-url": "https://packagist.org/downloads/",
            "license": [
                "BSD-3-Clause"
            ],
            "description": "Object-oriented interface to PHP sessions and storage",
            "homepage": "https://laminas.dev",
            "keywords": [
                "laminas",
                "session"
            ],
            "support": {
                "chat": "https://laminas.dev/chat",
                "docs": "https://docs.laminas.dev/laminas-session/",
                "forum": "https://discourse.laminas.dev",
                "issues": "https://github.com/laminas/laminas-session/issues",
                "rss": "https://github.com/laminas/laminas-session/releases.atom",
                "source": "https://github.com/laminas/laminas-session"
            },
            "funding": [
                {
                    "url": "https://funding.communitybridge.org/projects/laminas-project",
                    "type": "community_bridge"
                }
            ],
            "time": "2022-02-15T16:38:29+00:00"
        },
        {
            "name": "laminas/laminas-stdlib",
            "version": "3.7.1",
            "source": {
                "type": "git",
                "url": "https://github.com/laminas/laminas-stdlib.git",
                "reference": "bcd869e2fe88d567800057c1434f2380354fe325"
            },
            "dist": {
                "type": "zip",
                "url": "https://api.github.com/repos/laminas/laminas-stdlib/zipball/bcd869e2fe88d567800057c1434f2380354fe325",
                "reference": "bcd869e2fe88d567800057c1434f2380354fe325",
                "shasum": ""
            },
            "require": {
                "php": "^7.3 || ~8.0.0 || ~8.1.0"
            },
            "conflict": {
                "zendframework/zend-stdlib": "*"
            },
            "require-dev": {
                "laminas/laminas-coding-standard": "~2.3.0",
                "phpbench/phpbench": "^1.0",
                "phpunit/phpunit": "^9.3.7",
                "psalm/plugin-phpunit": "^0.16.0",
                "vimeo/psalm": "^4.7"
            },
            "type": "library",
            "autoload": {
                "psr-4": {
                    "Laminas\\Stdlib\\": "src/"
                }
            },
            "notification-url": "https://packagist.org/downloads/",
            "license": [
                "BSD-3-Clause"
            ],
            "description": "SPL extensions, array utilities, error handlers, and more",
            "homepage": "https://laminas.dev",
            "keywords": [
                "laminas",
                "stdlib"
            ],
            "support": {
                "chat": "https://laminas.dev/chat",
                "docs": "https://docs.laminas.dev/laminas-stdlib/",
                "forum": "https://discourse.laminas.dev",
                "issues": "https://github.com/laminas/laminas-stdlib/issues",
                "rss": "https://github.com/laminas/laminas-stdlib/releases.atom",
                "source": "https://github.com/laminas/laminas-stdlib"
            },
            "funding": [
                {
                    "url": "https://funding.communitybridge.org/projects/laminas-project",
                    "type": "community_bridge"
                }
            ],
            "time": "2022-01-21T15:50:46+00:00"
        }
    ],
    "packages-dev": [],
    "aliases": [],
    "minimum-stability": "stable",
    "stability-flags": [],
    "prefer-stable": false,
    "prefer-lowest": false,
    "platform": [],
    "platform-dev": [],
    "plugin-api-version": "2.2.0"
}
